{
  "requires": true,
  "lockfileVersion": 1,
  "dependencies": {
    "bootstrap": {
      "version": "5.2.3",
      "resolved": "https://registry.npmjs.org/bootstrap/-/bootstrap-5.2.3.tgz",
      "integrity": "sha512-cEKPM+fwb3cT8NzQZYEu4HilJ3anCrWqh3CHAok1p9jXqMPsPTBhU25fBckEJHJ/p+tTxTFTsFQGM+gaHpi3QQ=="
    },
    "fontawesome": {
      "version": "5.6.3",
      "resolved": "https://registry.npmjs.org/fontawesome/-/fontawesome-5.6.3.tgz",
      "integrity": "sha512-FCc+CawwsJWWprVEg9X14yI7zI+l9YVAyhzgu70qwGeDn0tLLDH/dVfqgij72g4BBGgLGfK2qnvFGAmYUkhaWg=="
    },
    "htmx": {
      "version": "0.0.2",
      "resolved": "https://registry.npmjs.org/htmx/-/htmx-0.0.2.tgz",
      "integrity": "sha512-FfUo3ynRYr6Ra4vqmS4Nq9g47607FSmvHYCOuU8bvbW8s4kPMhAmCbMBjuW2cEZI6DauaFNZKinfgV91cc9Feg=="
    },
    "immediate": {
      "version": "3.0.6",
      "resolved": "https://registry.npmjs.org/immediate/-/immediate-3.0.6.tgz",
      "integrity": "sha512-XXOFtyqDjNDAQxVfYxuF7g9Il/IbWmmlQg2MYKOH8ExIT1qg6xc4zyS3HaEEATgs1btfzxq15ciUiY7gjSXRGQ=="
    },
    "jquery": {
      "version": "3.6.3",
      "resolved": "https://registry.npmjs.org/jquery/-/jquery-3.6.3.tgz",
      "integrity": "sha512-bZ5Sy3YzKo9Fyc8wH2iIQK4JImJ6R0GWI9kL1/k7Z91ZBNgkRXE6U0JfHIizZbort8ZunhSI3jw9I6253ahKfg=="
    },
    "leaflet": {
      "version": "1.9.3",
      "resolved": "https://registry.npmjs.org/leaflet/-/leaflet-1.9.3.tgz",
      "integrity": "sha512-iB2cR9vAkDOu5l3HAay2obcUHZ7xwUBBjph8+PGtmW/2lYhbLizWtG7nTeYht36WfOslixQF9D/uSIzhZgGMfQ=="
    },
    "leaflet-ajax": {
      "version": "2.1.0",
      "resolved": "https://registry.npmjs.org/leaflet-ajax/-/leaflet-ajax-2.1.0.tgz",
      "integrity": "sha512-5Acw/C+27nZPd4PM4bH6eO7GDwj54RsQnJ3E4+LKQ9nva9qp57D6/b5inQfyzaZoU+r6/HgrsMv4AjjrnM1Wlg==",
      "requires": {
        "lie": "^3.0.1"
      }
    },
    "lie": {
      "version": "3.3.0",
      "resolved": "https://registry.npmjs.org/lie/-/lie-3.3.0.tgz",
      "integrity": "sha512-UaiMJzeWRlEujzAuw5LokY1L5ecNQYZKfmyZ9L7wDHb/p5etKaxXhohBcrw0EYby+G/NA52vRSN4N39dxHAIwQ==",
      "requires": {
        "immediate": "~3.0.5"
      }
    },
    "select2": {
      "version": "4.1.0-rc.0",
      "resolved": "https://registry.npmjs.org/select2/-/select2-4.1.0-rc.0.tgz",
      "integrity": "sha512-Hr9TdhyHCZUtwznEH2CBf7967mEM0idtJ5nMtjvk3Up5tPukOLXbHUNmh10oRfeNIhj+3GD3niu+g6sVK+gK0A=="
    }
  }
}
